
Microsoft Visual Studio Solution File, Format Version 12.00
# Visual Studio Version 16
VisualStudioVersion = 16.0.31424.327
MinimumVisualStudioVersion = 10.0.40219.1
Project("{FAE04EC0-301F-11D3-BF4B-00C04F79EFBC}") = "KPSClientUpdate", "KPSClientUpdate\KPSClientUpdate.csproj", "{CF12D938-244A-47E9-ACAD-AE70CEF00B2B}"
EndProject
Global
	GlobalSection(SolutionConfigurationPlatforms) = preSolution
		Debug|Any CPU = Debug|Any CPU
		Debug|x64 = Debug|x64
		Release|Any CPU = Release|Any CPU
		Release|x64 = Release|x64
	EndGlobalSection
	GlobalSection(ProjectConfigurationPlatforms) = postSolution
		{CF12D938-244A-47E9-ACAD-AE70CEF00B2B}.Debug|Any CPU.ActiveCfg = Debug|Any CPU
		{CF12D938-244A-47E9-ACAD-AE70CEF00B2B}.Debug|Any CPU.Build.0 = Debug|Any CPU
		{CF12D938-244A-47E9-ACAD-AE70CEF00B2B}.Debug|x64.ActiveCfg = Debug|x64
		{CF12D938-244A-47E9-ACAD-AE70CEF00B2B}.Debug|x64.Build.0 = Debug|x64
		{CF12D938-244A-47E9-ACAD-AE70CEF00B2B}.Release|Any CPU.ActiveCfg = Release|Any CPU
		{CF12D938-244A-47E9-ACAD-AE70CEF00B2B}.Release|Any CPU.Build.0 = Release|Any CPU
		{CF12D938-244A-47E9-ACAD-AE70CEF00B2B}.Release|x64.ActiveCfg = Release|x64
		{CF12D938-244A-47E9-ACAD-AE70CEF00B2B}.Release|x64.Build.0 = Release|x64
	EndGlobalSection
	GlobalSection(SolutionProperties) = preSolution
		HideSolutionNode = FALSE
	EndGlobalSection
	GlobalSection(ExtensibilityGlobals) = postSolution
		SolutionGuid = {C4504A5A-237F-42EF-8C9A-D7209A567CA6}
	EndGlobalSection
EndGlobal
